
Microsoft Visual Studio Solution File, Format Version 12.00
# Visual Studio 14
VisualStudioVersion = 14.0.25420.1
MinimumVisualStudioVersion = 10.0.40219.1
Project("{E24C65DC-7377-472B-9ABA-BC803B73C61A}") = "WebSite1/WildcatIndustries", "http://localhost:8080/WildcatIndustries", "{203033CD-F51D-41A6-A637-67DD64D153E6}"
	ProjectSection(WebsiteProperties) = preProject
		UseIISExpress = "true"
		TargetFrameworkMoniker = ".NETFramework,Version%3Dv4.5.2"
		Debug.AspNetCompiler.VirtualPath = "/WildcatIndustries"
		Debug.AspNetCompiler.PhysicalPath = "..\..\..\My Web Sites\WebSite1\WildcatIndustries\"
		Debug.AspNetCompiler.TargetPath = "PrecompiledWeb\WildcatIndustries\"
		Debug.AspNetCompiler.Updateable = "true"
		Debug.AspNetCompiler.ForceOverwrite = "true"
		Debug.AspNetCompiler.FixedNames = "false"
		Debug.AspNetCompiler.Debug = "True"
		Release.AspNetCompiler.VirtualPath = "/WildcatIndustries"
		Release.AspNetCompiler.PhysicalPath = "..\..\..\My Web Sites\WebSite1\WildcatIndustries\"
		Release.AspNetCompiler.TargetPath = "PrecompiledWeb\WildcatIndustries\"
		Release.AspNetCompiler.Updateable = "true"
		Release.AspNetCompiler.ForceOverwrite = "true"
		Release.AspNetCompiler.FixedNames = "false"
		Release.AspNetCompiler.Debug = "False"
		SlnRelativePath = "..\..\..\My Web Sites\WebSite1\WildcatIndustries\"
		DefaultWebSiteLanguage = "Visual Basic"
	EndProjectSection
EndProject
Global
	GlobalSection(SolutionConfigurationPlatforms) = preSolution
		Debug|Any CPU = Debug|Any CPU
	EndGlobalSection
	GlobalSection(ProjectConfigurationPlatforms) = postSolution
		{203033CD-F51D-41A6-A637-67DD64D153E6}.Debug|Any CPU.ActiveCfg = Debug|Any CPU
		{203033CD-F51D-41A6-A637-67DD64D153E6}.Debug|Any CPU.Build.0 = Debug|Any CPU
	EndGlobalSection
	GlobalSection(SolutionProperties) = preSolution
		HideSolutionNode = FALSE
	EndGlobalSection
EndGlobal
